// !$*UTF8*$!
{
	archiveVersion = 1;
	classes = {
	};
	objectVersion = 46;
	objects = {

/* Begin PBXBuildFile section */
		CD81C0CA1D63028500F3C9E1 /* main.m in Sources */ = {isa = PBXBuildFile; fileRef = CD81C0C91D63028500F3C9E1 /* main.m */; };
		CD81C0CD1D63028500F3C9E1 /* AppDelegate.m in Sources */ = {isa = PBXBuildFile; fileRef = CD81C0CC1D63028500F3C9E1 /* AppDelegate.m */; };
		CD81C0D01D63028500F3C9E1 /* ViewController.m in Sources */ = {isa = PBXBuildFile; fileRef = CD81C0CF1D63028500F3C9E1 /* ViewController.m */; };
		CD81C0D31D63028500F3C9E1 /* Main.storyboard in Resources */ = {isa = PBXBuildFile; fileRef = CD81C0D11D63028500F3C9E1 /* Main.storyboard */; };
		CD81C0D51D63028500F3C9E1 /* Assets.xcassets in Resources */ = {isa = PBXBuildFile; fileRef = CD81C0D41D63028500F3C9E1 /* Assets.xcassets */; };
		CD81C0D81D63028500F3C9E1 /* LaunchScreen.storyboard in Resources */ = {isa = PBXBuildFile; fileRef = CD81C0D61D63028500F3C9E1 /* LaunchScreen.storyboard */; };
		CD81C0E31D63028500F3C9E1 /* JSBridgeTests.m in Sources */ = {isa = PBXBuildFile; fileRef = CD81C0E21D63028500F3C9E1 /* JSBridgeTests.m */; };
		CD81C0EE1D63028500F3C9E1 /* JSBridgeUITests.m in Sources */ = {isa = PBXBuildFile; fileRef = CD81C0ED1D63028500F3C9E1 /* JSBridgeUITests.m */; };
		CDC86FFE1D646D7400A50B0C /* WebKit.framework in Frameworks */ = {isa = PBXBuildFile; fileRef = CD92FAC91D643E6E00044FDD /* WebKit.framework */; };
		CDC870091D646EF800A50B0C /* HybridWebView.m in Sources */ = {isa = PBXBuildFile; fileRef = CDC870021D646EF800A50B0C /* HybridWebView.m */; };
		CDC8700A1D646EF800A50B0C /* JSBridge.m in Sources */ = {isa = PBXBuildFile; fileRef = CDC870041D646EF800A50B0C /* JSBridge.m */; };
		CDC8700B1D646EF800A50B0C /* JSPlugin.m in Sources */ = {isa = PBXBuildFile; fileRef = CDC870061D646EF800A50B0C /* JSPlugin.m */; };
		CDC8700C1D646EF800A50B0C /* JSResult.m in Sources */ = {isa = PBXBuildFile; fileRef = CDC870081D646EF800A50B0C /* JSResult.m */; };
		CDC870101D646F5C00A50B0C /* FirstPlugin.m in Sources */ = {isa = PBXBuildFile; fileRef = CDC8700F1D646F5C00A50B0C /* FirstPlugin.m */; };
		CDC870171D65A13700A50B0C /* TestPlugin.m in Sources */ = {isa = PBXBuildFile; fileRef = CDC870161D65A13700A50B0C /* TestPlugin.m */; };
		CDC8701A1D65B53700A50B0C /* TestController.m in Sources */ = {isa = PBXBuildFile; fileRef = CDC870191D65B53700A50B0C /* TestController.m */; };
/* End PBXBuildFile section */

/* Begin PBXContainerItemProxy section */
		CD81C0DF1D63028500F3C9E1 /* PBXContainerItemProxy */ = {
			isa = PBXContainerItemProxy;
			containerPortal = CD81C0BD1D63028500F3C9E1 /* Project object */;
			proxyType = 1;
			remoteGlobalIDString = CD81C0C41D63028500F3C9E1;
			remoteInfo = JSBridge;
		};
		CD81C0EA1D63028500F3C9E1 /* PBXContainerItemProxy */ = {
			isa = PBXContainerItemProxy;
			containerPortal = CD81C0BD1D63028500F3C9E1 /* Project object */;
			proxyType = 1;
			remoteGlobalIDString = CD81C0C41D63028500F3C9E1;
			remoteInfo = JSBridge;
		};
/* End PBXContainerItemProxy section */

/* Begin PBXFileReference section */
		CD81C0C51D63028500F3C9E1 /* JSBridge.app */ = {isa = PBXFileReference; explicitFileType = wrapper.application; includeInIndex = 0; path = JSBridge.app; sourceTree = BUILT_PRODUCTS_DIR; };
		CD81C0C91D63028500F3C9E1 /* main.m */ = {isa = PBXFileReference; lastKnownFileType = sourcecode.c.objc; path = main.m; sourceTree = "<group>"; };
		CD81C0CB1D63028500F3C9E1 /* AppDelegate.h */ = {isa = PBXFileReference; lastKnownFileType = sourcecode.c.h; path = AppDelegate.h; sourceTree = "<group>"; };
		CD81C0CC1D63028500F3C9E1 /* AppDelegate.m */ = {isa = PBXFileReference; lastKnownFileType = sourcecode.c.objc; path = AppDelegate.m; sourceTree = "<group>"; };
		CD81C0CE1D63028500F3C9E1 /* ViewController.h */ = {isa = PBXFileReference; lastKnownFileType = sourcecode.c.h; path = ViewController.h; sourceTree = "<group>"; };
		CD81C0CF1D63028500F3C9E1 /* ViewController.m */ = {isa = PBXFileReference; lastKnownFileType = sourcecode.c.objc; path = ViewController.m; sourceTree = "<group>"; };
		CD81C0D21D63028500F3C9E1 /* Base */ = {isa = PBXFileReference; lastKnownFileType = file.storyboard; name = Base; path = Base.lproj/Main.storyboard; sourceTree = "<group>"; };
		CD81C0D41D63028500F3C9E1 /* Assets.xcassets */ = {isa = PBXFileReference; lastKnownFileType = folder.assetcatalog; path = Assets.xcassets; sourceTree = "<group>"; };
		CD81C0D71D63028500F3C9E1 /* Base */ = {isa = PBXFileReference; lastKnownFileType = file.storyboard; name = Base; path = Base.lproj/LaunchScreen.storyboard; sourceTree = "<group>"; };
		CD81C0D91D63028500F3C9E1 /* Info.plist */ = {isa = PBXFileReference; lastKnownFileType = text.plist.xml; path = Info.plist; sourceTree = "<group>"; };
		CD81C0DE1D63028500F3C9E1 /* JSBridgeTests.xctest */ = {isa = PBXFileReference; explicitFileType = wrapper.cfbundle; includeInIndex = 0; path = JSBridgeTests.xctest; sourceTree = BUILT_PRODUCTS_DIR; };
		CD81C0E21D63028500F3C9E1 /* JSBridgeTests.m */ = {isa = PBXFileReference; lastKnownFileType = sourcecode.c.objc; path = JSBridgeTests.m; sourceTree = "<group>"; };
		CD81C0E41D63028500F3C9E1 /* Info.plist */ = {isa = PBXFileReference; lastKnownFileType = text.plist.xml; path = Info.plist; sourceTree = "<group>"; };
		CD81C0E91D63028500F3C9E1 /* JSBridgeUITests.xctest */ = {isa = PBXFileReference; explicitFileType = wrapper.cfbundle; includeInIndex = 0; path = JSBridgeUITests.xctest; sourceTree = BUILT_PRODUCTS_DIR; };
		CD81C0ED1D63028500F3C9E1 /* JSBridgeUITests.m */ = {isa = PBXFileReference; lastKnownFileType = sourcecode.c.objc; path = JSBridgeUITests.m; sourceTree = "<group>"; };
		CD81C0EF1D63028500F3C9E1 /* Info.plist */ = {isa = PBXFileReference; lastKnownFileType = text.plist.xml; path = Info.plist; sourceTree = "<group>"; };
		CD92FAC91D643E6E00044FDD /* WebKit.framework */ = {isa = PBXFileReference; lastKnownFileType = wrapper.framework; name = WebKit.framework; path = System/Library/Frameworks/WebKit.framework; sourceTree = SDKROOT; };
		CDC870011D646EF800A50B0C /* HybridWebView.h */ = {isa = PBXFileReference; fileEncoding = 4; lastKnownFileType = sourcecode.c.h; path = HybridWebView.h; sourceTree = "<group>"; };
		CDC870021D646EF800A50B0C /* HybridWebView.m */ = {isa = PBXFileReference; fileEncoding = 4; lastKnownFileType = sourcecode.c.objc; path = HybridWebView.m; sourceTree = "<group>"; };
		CDC870031D646EF800A50B0C /* JSBridge.h */ = {isa = PBXFileReference; fileEncoding = 4; lastKnownFileType = sourcecode.c.h; path = JSBridge.h; sourceTree = "<group>"; };
		CDC870041D646EF800A50B0C /* JSBridge.m */ = {isa = PBXFileReference; fileEncoding = 4; lastKnownFileType = sourcecode.c.objc; path = JSBridge.m; sourceTree = "<group>"; };
		CDC870051D646EF800A50B0C /* JSPlugin.h */ = {isa = PBXFileReference; fileEncoding = 4; lastKnownFileType = sourcecode.c.h; path = JSPlugin.h; sourceTree = "<group>"; };
		CDC870061D646EF800A50B0C /* JSPlugin.m */ = {isa = PBXFileReference; fileEncoding = 4; lastKnownFileType = sourcecode.c.objc; path = JSPlugin.m; sourceTree = "<group>"; };
		CDC870071D646EF800A50B0C /* JSResult.h */ = {isa = PBXFileReference; fileEncoding = 4; lastKnownFileType = sourcecode.c.h; path = JSResult.h; sourceTree = "<group>"; };
		CDC870081D646EF800A50B0C /* JSResult.m */ = {isa = PBXFileReference; fileEncoding = 4; lastKnownFileType = sourcecode.c.objc; path = JSResult.m; sourceTree = "<group>"; };
		CDC8700E1D646F5C00A50B0C /* FirstPlugin.h */ = {isa = PBXFileReference; fileEncoding = 4; lastKnownFileType = sourcecode.c.h; path = FirstPlugin.h; sourceTree = "<group>"; };
		CDC8700F1D646F5C00A50B0C /* FirstPlugin.m */ = {isa = PBXFileReference; fileEncoding = 4; lastKnownFileType = sourcecode.c.objc; path = FirstPlugin.m; sourceTree = "<group>"; };
		CDC870111D654D2400A50B0C /* HybridWebViewDelegete.h */ = {isa = PBXFileReference; lastKnownFileType = sourcecode.c.h; path = HybridWebViewDelegete.h; sourceTree = "<group>"; };
		CDC870151D65A13700A50B0C /* TestPlugin.h */ = {isa = PBXFileReference; fileEncoding = 4; lastKnownFileType = sourcecode.c.h; path = TestPlugin.h; sourceTree = "<group>"; };
		CDC870161D65A13700A50B0C /* TestPlugin.m */ = {isa = PBXFileReference; fileEncoding = 4; lastKnownFileType = sourcecode.c.objc; path = TestPlugin.m; sourceTree = "<group>"; };
		CDC870181D65B53700A50B0C /* TestController.h */ = {isa = PBXFileReference; fileEncoding = 4; lastKnownFileType = sourcecode.c.h; path = TestController.h; sourceTree = "<group>"; };
		CDC870191D65B53700A50B0C /* TestController.m */ = {isa = PBXFileReference; fileEncoding = 4; lastKnownFileType = sourcecode.c.objc; path = TestController.m; sourceTree = "<group>"; };
/* End PBXFileReference section */

/* Begin PBXFrameworksBuildPhase section */
		CD81C0C21D63028500F3C9E1 /* Frameworks */ = {
			isa = PBXFrameworksBuildPhase;
			buildActionMask = 2147483647;
			files = (
				CDC86FFE1D646D7400A50B0C /* WebKit.framework in Frameworks */,
			);
			runOnlyForDeploymentPostprocessing = 0;
		};
		CD81C0DB1D63028500F3C9E1 /* Frameworks */ = {
			isa = PBXFrameworksBuildPhase;
			buildActionMask = 2147483647;
			files = (
			);
			runOnlyForDeploymentPostprocessing = 0;
		};
		CD81C0E61D63028500F3C9E1 /* Frameworks */ = {
			isa = PBXFrameworksBuildPhase;
			buildActionMask = 2147483647;
			files = (
			);
			runOnlyForDeploymentPostprocessing = 0;
		};
/* End PBXFrameworksBuildPhase section */

/* Begin PBXGroup section */
		CD81C0BC1D63028500F3C9E1 = {
			isa = PBXGroup;
			children = (
				CD81C0C71D63028500F3C9E1 /* JSBridge */,
				CD92FAC91D643E6E00044FDD /* WebKit.framework */,
				CD81C0E11D63028500F3C9E1 /* JSBridgeTests */,
				CD81C0EC1D63028500F3C9E1 /* JSBridgeUITests */,
				CD81C0C61D63028500F3C9E1 /* Products */,
			);
			sourceTree = "<group>";
		};
		CD81C0C61D63028500F3C9E1 /* Products */ = {
			isa = PBXGroup;
			children = (
				CD81C0C51D63028500F3C9E1 /* JSBridge.app */,
				CD81C0DE1D63028500F3C9E1 /* JSBridgeTests.xctest */,
				CD81C0E91D63028500F3C9E1 /* JSBridgeUITests.xctest */,
			);
			name = Products;
			sourceTree = "<group>";
		};
		CD81C0C71D63028500F3C9E1 /* JSBridge */ = {
			isa = PBXGroup;
			children = (
				CDC8700D1D646F3800A50B0C /* JSPluginList */,
				CDC870001D646EB400A50B0C /* JSBridgeCore */,
				CD81C0CB1D63028500F3C9E1 /* AppDelegate.h */,
				CD81C0CC1D63028500F3C9E1 /* AppDelegate.m */,
				CD81C0CE1D63028500F3C9E1 /* ViewController.h */,
				CD81C0CF1D63028500F3C9E1 /* ViewController.m */,
				CD81C0D11D63028500F3C9E1 /* Main.storyboard */,
				CD81C0D41D63028500F3C9E1 /* Assets.xcassets */,
				CD81C0D61D63028500F3C9E1 /* LaunchScreen.storyboard */,
				CD81C0D91D63028500F3C9E1 /* Info.plist */,
				CD81C0C81D63028500F3C9E1 /* Supporting Files */,
				CDC870181D65B53700A50B0C /* TestController.h */,
				CDC870191D65B53700A50B0C /* TestController.m */,
			);
			path = JSBridge;
			sourceTree = "<group>";
		};
		CD81C0C81D63028500F3C9E1 /* Supporting Files */ = {
			isa = PBXGroup;
			children = (
				CD81C0C91D63028500F3C9E1 /* main.m */,
			);
			name = "Supporting Files";
			sourceTree = "<group>";
		};
		CD81C0E11D63028500F3C9E1 /* JSBridgeTests */ = {
			isa = PBXGroup;
			children = (
				CD81C0E21D63028500F3C9E1 /* JSBridgeTests.m */,
				CD81C0E41D63028500F3C9E1 /* Info.plist */,
			);
			path = JSBridgeTests;
			sourceTree = "<group>";
		};
		CD81C0EC1D63028500F3C9E1 /* JSBridgeUITests */ = {
			isa = PBXGroup;
			children = (
				CD81C0ED1D63028500F3C9E1 /* JSBridgeUITests.m */,
				CD81C0EF1D63028500F3C9E1 /* Info.plist */,
			);
			path = JSBridgeUITests;
			sourceTree = "<group>";
		};
		CDC870001D646EB400A50B0C /* JSBridgeCore */ = {
			isa = PBXGroup;
			children = (
				CDC870011D646EF800A50B0C /* HybridWebView.h */,
				CDC870021D646EF800A50B0C /* HybridWebView.m */,
				CDC870031D646EF800A50B0C /* JSBridge.h */,
				CDC870041D646EF800A50B0C /* JSBridge.m */,
				CDC870051D646EF800A50B0C /* JSPlugin.h */,
				CDC870061D646EF800A50B0C /* JSPlugin.m */,
				CDC870071D646EF800A50B0C /* JSResult.h */,
				CDC870081D646EF800A50B0C /* JSResult.m */,
				CDC870111D654D2400A50B0C /* HybridWebViewDelegete.h */,
			);
			path = JSBridgeCore;
			sourceTree = "<group>";
		};
		CDC8700D1D646F3800A50B0C /* JSPluginList */ = {
			isa = PBXGroup;
			children = (
				CDC8700E1D646F5C00A50B0C /* FirstPlugin.h */,
				CDC8700F1D646F5C00A50B0C /* FirstPlugin.m */,
				CDC870151D65A13700A50B0C /* TestPlugin.h */,
				CDC870161D65A13700A50B0C /* TestPlugin.m */,
			);
			path = JSPluginList;
			sourceTree = "<group>";
		};
/* End PBXGroup section */

/* Begin PBXNativeTarget section */
		CD81C0C41D63028500F3C9E1 /* JSBridge */ = {
			isa = PBXNativeTarget;
			buildConfigurationList = CD81C0F21D63028500F3C9E1 /* Build configuration list for PBXNativeTarget "JSBridge" */;
			buildPhases = (
				CD81C0C11D63028500F3C9E1 /* Sources */,
				CD81C0C21D63028500F3C9E1 /* Frameworks */,
				CD81C0C31D63028500F3C9E1 /* Resources */,
			);
			buildRules = (
			);
			dependencies = (
			);
			name = JSBridge;
			productName = JSBridge;
			productReference = CD81C0C51D63028500F3C9E1 /* JSBridge.app */;
			productType = "com.apple.product-type.application";
		};
		CD81C0DD1D63028500F3C9E1 /* JSBridgeTests */ = {
			isa = PBXNativeTarget;
			buildConfigurationList = CD81C0F51D63028500F3C9E1 /* Build configuration list for PBXNativeTarget "JSBridgeTests" */;
			buildPhases = (
				CD81C0DA1D63028500F3C9E1 /* Sources */,
				CD81C0DB1D63028500F3C9E1 /* Frameworks */,
				CD81C0DC1D63028500F3C9E1 /* Resources */,
			);
			buildRules = (
			);
			dependencies = (
				CD81C0E01D63028500F3C9E1 /* PBXTargetDependency */,
			);
			name = JSBridgeTests;
			productName = JSBridgeTests;
			productReference = CD81C0DE1D63028500F3C9E1 /* JSBridgeTests.xctest */;
			productType = "com.apple.product-type.bundle.unit-test";
		};
		CD81C0E81D63028500F3C9E1 /* JSBridgeUITests */ = {
			isa = PBXNativeTarget;
			buildConfigurationList = CD81C0F81D63028500F3C9E1 /* Build configuration list for PBXNativeTarget "JSBridgeUITests" */;
			buildPhases = (
				CD81C0E51D63028500F3C9E1 /* Sources */,
				CD81C0E61D63028500F3C9E1 /* Frameworks */,
				CD81C0E71D63028500F3C9E1 /* Resources */,
			);
			buildRules = (
			);
			dependencies = (
				CD81C0EB1D63028500F3C9E1 /* PBXTargetDependency */,
			);
			name = JSBridgeUITests;
			productName = JSBridgeUITests;
			productReference = CD81C0E91D63028500F3C9E1 /* JSBridgeUITests.xctest */;
			productType = "com.apple.product-type.bundle.ui-testing";
		};
/* End PBXNativeTarget section */

/* Begin PBXProject section */
		CD81C0BD1D63028500F3C9E1 /* Project object */ = {
			isa = PBXProject;
			attributes = {
				LastUpgradeCheck = 0710;
				TargetAttributes = {
					CD81C0C41D63028500F3C9E1 = {
						CreatedOnToolsVersion = 7.1.1;
					};
					CD81C0DD1D63028500F3C9E1 = {
						CreatedOnToolsVersion = 7.1.1;
						TestTargetID = CD81C0C41D63028500F3C9E1;
					};
					CD81C0E81D63028500F3C9E1 = {
						CreatedOnToolsVersion = 7.1.1;
						TestTargetID = CD81C0C41D63028500F3C9E1;
					};
				};
			};
			buildConfigurationList = CD81C0C01D63028500F3C9E1 /* Build configuration list for PBXProject "JSBridge" */;
			compatibilityVersion = "Xcode 3.2";
			developmentRegion = English;
			hasScannedForEncodings = 0;
			knownRegions = (
				en,
				Base,
			);
			mainGroup = CD81C0BC1D63028500F3C9E1;
			productRefGroup = CD81C0C61D63028500F3C9E1 /* Products */;
			projectDirPath = "";
			projectRoot = "";
			targets = (
				CD81C0C41D63028500F3C9E1 /* JSBridge */,
				CD81C0DD1D63028500F3C9E1 /* JSBridgeTests */,
				CD81C0E81D63028500F3C9E1 /* JSBridgeUITests */,
			);
		};
/* End PBXProject section */

/* Begin PBXResourcesBuildPhase section */
		CD81C0C31D63028500F3C9E1 /* Resources */ = {
			isa = PBXResourcesBuildPhase;
			buildActionMask = 2147483647;
			files = (
				CD81C0D81D63028500F3C9E1 /* LaunchScreen.storyboard in Resources */,
				CD81C0D51D63028500F3C9E1 /* Assets.xcassets in Resources */,
				CD81C0D31D63028500F3C9E1 /* Main.storyboard in Resources */,
			);
			runOnlyForDeploymentPostprocessing = 0;
		};
		CD81C0DC1D63028500F3C9E1 /* Resources */ = {
			isa = PBXResourcesBuildPhase;
			buildActionMask = 2147483647;
			files = (
			);
			runOnlyForDeploymentPostprocessing = 0;
		};
		CD81C0E71D63028500F3C9E1 /* Resources */ = {
			isa = PBXResourcesBuildPhase;
			buildActionMask = 2147483647;
			files = (
			);
			runOnlyForDeploymentPostprocessing = 0;
		};
/* End PBXResourcesBuildPhase section */

/* Begin PBXSourcesBuildPhase section */
		CD81C0C11D63028500F3C9E1 /* Sources */ = {
			isa = PBXSourcesBuildPhase;
			buildActionMask = 2147483647;
			files = (
				CD81C0D01D63028500F3C9E1 /* ViewController.m in Sources */,
				CDC8700B1D646EF800A50B0C /* JSPlugin.m in Sources */,
				CD81C0CD1D63028500F3C9E1 /* AppDelegate.m in Sources */,
				CDC870171D65A13700A50B0C /* TestPlugin.m in Sources */,
				CDC8700C1D646EF800A50B0C /* JSResult.m in Sources */,
				CDC870091D646EF800A50B0C /* HybridWebView.m in Sources */,
				CDC870101D646F5C00A50B0C /* FirstPlugin.m in Sources */,
				CD81C0CA1D63028500F3C9E1 /* main.m in Sources */,
				CDC8700A1D646EF800A50B0C /* JSBridge.m in Sources */,
				CDC8701A1D65B53700A50B0C /* TestController.m in Sources */,
			);
			runOnlyForDeploymentPostprocessing = 0;
		};
		CD81C0DA1D63028500F3C9E1 /* Sources */ = {
			isa = PBXSourcesBuildPhase;
			buildActionMask = 2147483647;
			files = (
				CD81C0E31D63028500F3C9E1 /* JSBridgeTests.m in Sources */,
			);
			runOnlyForDeploymentPostprocessing = 0;
		};
		CD81C0E51D63028500F3C9E1 /* Sources */ = {
			isa = PBXSourcesBuildPhase;
			buildActionMask = 2147483647;
			files = (
				CD81C0EE1D63028500F3C9E1 /* JSBridgeUITests.m in Sources */,
			);
			runOnlyForDeploymentPostprocessing = 0;
		};
/* End PBXSourcesBuildPhase section */

/* Begin PBXTargetDependency section */
		CD81C0E01D63028500F3C9E1 /* PBXTargetDependency */ = {
			isa = PBXTargetDependency;
			target = CD81C0C41D63028500F3C9E1 /* JSBridge */;
			targetProxy = CD81C0DF1D63028500F3C9E1 /* PBXContainerItemProxy */;
		};
		CD81C0EB1D63028500F3C9E1 /* PBXTargetDependency */ = {
			isa = PBXTargetDependency;
			target = CD81C0C41D63028500F3C9E1 /* JSBridge */;
			targetProxy = CD81C0EA1D63028500F3C9E1 /* PBXContainerItemProxy */;
		};
/* End PBXTargetDependency section */

/* Begin PBXVariantGroup section */
		CD81C0D11D63028500F3C9E1 /* Main.storyboard */ = {
			isa = PBXVariantGroup;
			children = (
				CD81C0D21D63028500F3C9E1 /* Base */,
			);
			name = Main.storyboard;
			sourceTree = "<group>";
		};
		CD81C0D61D63028500F3C9E1 /* LaunchScreen.storyboard */ = {
			isa = PBXVariantGroup;
			children = (
				CD81C0D71D63028500F3C9E1 /* Base */,
			);
			name = LaunchScreen.storyboard;
			sourceTree = "<group>";
		};
/* End PBXVariantGroup section */

/* Begin XCBuildConfiguration section */
		CD81C0F01D63028500F3C9E1 /* Debug */ = {
			isa = XCBuildConfiguration;
			buildSettings = {
				ALWAYS_SEARCH_USER_PATHS = NO;
				CLANG_CXX_LANGUAGE_STANDARD = "gnu++0x";
				CLANG_CXX_LIBRARY = "libc++";
				CLANG_ENABLE_MODULES = YES;
				CLANG_ENABLE_OBJC_ARC = YES;
				CLANG_WARN_BOOL_CONVERSION = YES;
				CLANG_WARN_CONSTANT_CONVERSION = YES;
				CLANG_WARN_DIRECT_OBJC_ISA_USAGE = YES_ERROR;
				CLANG_WARN_EMPTY_BODY = YES;
				CLANG_WARN_ENUM_CONVERSION = YES;
				CLANG_WARN_INT_CONVERSION = YES;
				CLANG_WARN_OBJC_ROOT_CLASS = YES_ERROR;
				CLANG_WARN_UNREACHABLE_CODE = YES;
				CLANG_WARN__DUPLICATE_METHOD_MATCH = YES;
				CODE_SIGN_IDENTITY = "iPhone Developer";
				"CODE_SIGN_IDENTITY[sdk=iphoneos*]" = "iPhone Developer";
				COPY_PHASE_STRIP = NO;
				DEBUG_INFORMATION_FORMAT = dwarf;
				ENABLE_STRICT_OBJC_MSGSEND = YES;
				ENABLE_TESTABILITY = YES;
				GCC_C_LANGUAGE_STANDARD = gnu99;
				GCC_DYNAMIC_NO_PIC = NO;
				GCC_NO_COMMON_BLOCKS = YES;
				GCC_OPTIMIZATION_LEVEL = 0;
				GCC_PREPROCESSOR_DEFINITIONS = (
					"DEBUG=1",
					"$(inherited)",
				);
				GCC_WARN_64_TO_32_BIT_CONVERSION = YES;
				GCC_WARN_ABOUT_RETURN_TYPE = YES_ERROR;
				GCC_WARN_UNDECLARED_SELECTOR = YES;
				GCC_WARN_UNINITIALIZED_AUTOS = YES_AGGRESSIVE;
				GCC_WARN_UNUSED_FUNCTION = YES;
				GCC_WARN_UNUSED_VARIABLE = YES;
				IPHONEOS_DEPLOYMENT_TARGET = 9.1;
				MTL_ENABLE_DEBUG_INFO = YES;
				ONLY_ACTIVE_ARCH = YES;
				SDKROOT = iphoneos;
				TARGETED_DEVICE_FAMILY = "1,2";
			};
			name = Debug;
		};
		CD81C0F11D63028500F3C9E1 /* Release */ = {
			isa = XCBuildConfiguration;
			buildSettings = {
				ALWAYS_SEARCH_USER_PATHS = NO;
				CLANG_CXX_LANGUAGE_STANDARD = "gnu++0x";
				CLANG_CXX_LIBRARY = "libc++";
				CLANG_ENABLE_MODULES = YES;
				CLANG_ENABLE_OBJC_ARC = YES;
				CLANG_WARN_BOOL_CONVERSION = YES;
				CLANG_WARN_CONSTANT_CONVERSION = YES;
				CLANG_WARN_DIRECT_OBJC_ISA_USAGE = YES_ERROR;
				CLANG_WARN_EMPTY_BODY = YES;
				CLANG_WARN_ENUM_CONVERSION = YES;
				CLANG_WARN_INT_CONVERSION = YES;
				CLANG_WARN_OBJC_ROOT_CLASS = YES_ERROR;
				CLANG_WARN_UNREACHABLE_CODE = YES;
				CLANG_WARN__DUPLICATE_METHOD_MATCH = YES;
				CODE_SIGN_IDENTITY = "iPhone Developer";
				"CODE_SIGN_IDENTITY[sdk=iphoneos*]" = "iPhone Developer";
				COPY_PHASE_STRIP = NO;
				DEBUG_INFORMATION_FORMAT = "dwarf-with-dsym";
				ENABLE_NS_ASSERTIONS = NO;
				ENABLE_STRICT_OBJC_MSGSEND = YES;
				GCC_C_LANGUAGE_STANDARD = gnu99;
				GCC_NO_COMMON_BLOCKS = YES;
				GCC_WARN_64_TO_32_BIT_CONVERSION = YES;
				GCC_WARN_ABOUT_RETURN_TYPE = YES_ERROR;
				GCC_WARN_UNDECLARED_SELECTOR = YES;
				GCC_WARN_UNINITIALIZED_AUTOS = YES_AGGRESSIVE;
				GCC_WARN_UNUSED_FUNCTION = YES;
				GCC_WARN_UNUSED_VARIABLE = YES;
				IPHONEOS_DEPLOYMENT_TARGET = 9.1;
				MTL_ENABLE_DEBUG_INFO = NO;
				SDKROOT = iphoneos;
				TARGETED_DEVICE_FAMILY = "1,2";
				VALIDATE_PRODUCT = YES;
			};
			name = Release;
		};
		CD81C0F31D63028500F3C9E1 /* Debug */ = {
			isa = XCBuildConfiguration;
			buildSettings = {
				ASSETCATALOG_COMPILER_APPICON_NAME = AppIcon;
				ASSETCATALOG_COMPILER_LAUNCHIMAGE_NAME = "Brand Assets";
				CODE_SIGN_IDENTITY = "iPhone Developer";
				INFOPLIST_FILE = JSBridge/Info.plist;
				IPHONEOS_DEPLOYMENT_TARGET = 7.1;
				LD_RUNPATH_SEARCH_PATHS = "$(inherited) @executable_path/Frameworks";
				PRODUCT_BUNDLE_IDENTIFIER = com.rzz.jsbridge;
				PRODUCT_NAME = "$(TARGET_NAME)";
				TARGETED_DEVICE_FAMILY = 1;
			};
			name = Debug;
		};
		CD81C0F41D63028500F3C9E1 /* Release */ = {
			isa = XCBuildConfiguration;
			buildSettings = {
				ASSETCATALOG_COMPILER_APPICON_NAME = AppIcon;
				ASSETCATALOG_COMPILER_LAUNCHIMAGE_NAME = "Brand Assets";
				CODE_SIGN_IDENTITY = "iPhone Developer";
				INFOPLIST_FILE = JSBridge/Info.plist;
				IPHONEOS_DEPLOYMENT_TARGET = 7.1;
				LD_RUNPATH_SEARCH_PATHS = "$(inherited) @executable_path/Frameworks";
				PRODUCT_BUNDLE_IDENTIFIER = com.rzz.jsbridge;
				PRODUCT_NAME = "$(TARGET_NAME)";
				TARGETED_DEVICE_FAMILY = 1;
			};
			name = Release;
		};
		CD81C0F61D63028500F3C9E1 /* Debug */ = {
			isa = XCBuildConfiguration;
			buildSettings = {
				BUNDLE_LOADER = "$(TEST_HOST)";
				INFOPLIST_FILE = JSBridgeTests/Info.plist;
				LD_RUNPATH_SEARCH_PATHS = "$(inherited) @executable_path/Frameworks @loader_path/Frameworks";
				PRODUCT_BUNDLE_IDENTIFIER = com.rzz.JSBridgeTests;
				PRODUCT_NAME = "$(TARGET_NAME)";
				TEST_HOST = "$(BUILT_PRODUCTS_DIR)/JSBridge.app/JSBridge";
			};
			name = Debug;
		};
		CD81C0F71D63028500F3C9E1 /* Release */ = {
			isa = XCBuildConfiguration;
			buildSettings = {
				BUNDLE_LOADER = "$(TEST_HOST)";
				INFOPLIST_FILE = JSBridgeTests/Info.plist;
				LD_RUNPATH_SEARCH_PATHS = "$(inherited) @executable_path/Frameworks @loader_path/Frameworks";
				PRODUCT_BUNDLE_IDENTIFIER = com.rzz.JSBridgeTests;
				PRODUCT_NAME = "$(TARGET_NAME)";
				TEST_HOST = "$(BUILT_PRODUCTS_DIR)/JSBridge.app/JSBridge";
			};
			name = Release;
		};
		CD81C0F91D63028500F3C9E1 /* Debug */ = {
			isa = XCBuildConfiguration;
			buildSettings = {
				INFOPLIST_FILE = JSBridgeUITests/Info.plist;
				LD_RUNPATH_SEARCH_PATHS = "$(inherited) @executable_path/Frameworks @loader_path/Frameworks";
				PRODUCT_BUNDLE_IDENTIFIER = com.rzz.JSBridgeUITests;
				PRODUCT_NAME = "$(TARGET_NAME)";
				TEST_TARGET_NAME = JSBridge;
				USES_XCTRUNNER = YES;
			};
			name = Debug;
		};
		CD81C0FA1D63028500F3C9E1 /* Release */ = {
			isa = XCBuildConfiguration;
			buildSettings = {
				INFOPLIST_FILE = JSBridgeUITests/Info.plist;
				LD_RUNPATH_SEARCH_PATHS = "$(inherited) @executable_path/Frameworks @loader_path/Frameworks";
				PRODUCT_BUNDLE_IDENTIFIER = com.rzz.JSBridgeUITests;
				PRODUCT_NAME = "$(TARGET_NAME)";
				TEST_TARGET_NAME = JSBridge;
				USES_XCTRUNNER = YES;
			};
			name = Release;
		};
/* End XCBuildConfiguration section */

/* Begin XCConfigurationList section */
		CD81C0C01D63028500F3C9E1 /* Build configuration list for PBXProject "JSBridge" */ = {
			isa = XCConfigurationList;
			buildConfigurations = (
				CD81C0F01D63028500F3C9E1 /* Debug */,
				CD81C0F11D63028500F3C9E1 /* Release */,
			);
			defaultConfigurationIsVisible = 0;
			defaultConfigurationName = Release;
		};
		CD81C0F21D63028500F3C9E1 /* Build configuration list for PBXNativeTarget "JSBridge" */ = {
			isa = XCConfigurationList;
			buildConfigurations = (
				CD81C0F31D63028500F3C9E1 /* Debug */,
				CD81C0F41D63028500F3C9E1 /* Release */,
			);
			defaultConfigurationIsVisible = 0;
			defaultConfigurationName = Release;
		};
		CD81C0F51D63028500F3C9E1 /* Build configuration list for PBXNativeTarget "JSBridgeTests" */ = {
			isa = XCConfigurationList;
			buildConfigurations = (
				CD81C0F61D63028500F3C9E1 /* Debug */,
				CD81C0F71D63028500F3C9E1 /* Release */,
			);
			defaultConfigurationIsVisible = 0;
			defaultConfigurationName = Release;
		};
		CD81C0F81D63028500F3C9E1 /* Build configuration list for PBXNativeTarget "JSBridgeUITests" */ = {
			isa = XCConfigurationList;
			buildConfigurations = (
				CD81C0F91D63028500F3C9E1 /* Debug */,
				CD81C0FA1D63028500F3C9E1 /* Release */,
			);
			defaultConfigurationIsVisible = 0;
			defaultConfigurationName = Release;
		};
/* End XCConfigurationList section */
	};
	rootObject = CD81C0BD1D63028500F3C9E1 /* Project object */;
}
